# This file is generated by running "yarn install" inside your project.
# Manual changes might be lost - proceed with caution!

__metadata:
  version: 8
  cacheKey: 10c0

"@hapi/address@npm:2.x.x":
  version: 2.0.0
  resolution: "@hapi/address@npm:2.0.0"
  checksum: 10c0/4b9afc0461a3a1a5bb99a71c412ad5f5edf5b876fcb3cdaec29e6e5ea0a92970a6a49d9950eeb65233e821707a4e998c4af3347ee1cb7753b3c0c190bc583652
  languageName: node
  linkType: hard

"@hapi/bourne@npm:1.x.x":
  version: 1.3.2
  resolution: "@hapi/bourne@npm:1.3.2"
  checksum: 10c0/c0f22d8577e36a86b12de7fd2356cb373a509c859ccdca3e73b017ade85fa7510235c2da46e32a530bee241ee056f7dac5af3f764585148694315d0847a20a8a
  languageName: node
  linkType: hard

"@hapi/hoek@npm:8.x.x":
  version: 8.2.1
  resolution: "@hapi/hoek@npm:8.2.1"
  checksum: 10c0/cc83143a2e1d3a6cbe0f3d8fc1763f3a4fa6e228e10445ef8c3d0019ec8b4eb6d1cc21218951dafe90e29bbbad4181a10779ab669eeab15d69be4ae361fbd61a
  languageName: node
  linkType: hard

"@hapi/joi@npm:15.1.1":
  version: 15.1.1
  resolution: "@hapi/joi@npm:15.1.1"
  dependencies:
    "@hapi/address": "npm:2.x.x"
    "@hapi/bourne": "npm:1.x.x"
    "@hapi/hoek": "npm:8.x.x"
    "@hapi/topo": "npm:3.x.x"
  checksum: 10c0/85170aa4a7d014d66b9db5a403d0790153756edfae52e0c6012309991b1ca10ed43700b28e68aa0b438704e0f7377b20bc212be01ac7cf64028a2fc8debb4da8
  languageName: node
  linkType: hard

"@hapi/topo@npm:3.x.x":
  version: 3.1.3
  resolution: "@hapi/topo@npm:3.1.3"
  dependencies:
    "@hapi/hoek": "npm:8.x.x"
  checksum: 10c0/b591501234eca835b6287ed4753ebab180fc45006dc6af824d214d2b4d831068003aaf2eff8b40c8f512db953e924167c484cd270468cf4f48d88b3f11b4f736
  languageName: node
  linkType: hard

"env-joi@workspace:.":
  version: 0.0.0-use.local
  resolution: "env-joi@workspace:."
  dependencies:
    "@hapi/joi": "npm:15.1.1"
  languageName: unknown
  linkType: soft
