# This file is generated by running "yarn install" inside your project.
# Manual changes might be lost - proceed with caution!

__metadata:
  version: 8
  cacheKey: 10c0

"@hapi/hoek@npm:^9.0.0, @hapi/hoek@npm:^9.3.0":
  version: 9.3.0
  resolution: "@hapi/hoek@npm:9.3.0"
  checksum: 10c0/a096063805051fb8bba4c947e293c664b05a32b47e13bc654c0dd43813a1cec993bdd8f29ceb838020299e1d0f89f68dc0d62a603c13c9cc8541963f0beca055
  languageName: node
  linkType: hard

"@hapi/topo@npm:^5.1.0":
  version: 5.1.0
  resolution: "@hapi/topo@npm:5.1.0"
  dependencies:
    "@hapi/hoek": "npm:^9.0.0"
  checksum: 10c0/b16b06d9357947149e032bdf10151eb71aea8057c79c4046bf32393cb89d0d0f7ca501c40c0f7534a5ceca078de0700d2257ac855c15e59fe4e00bba2f25c86f
  languageName: node
  linkType: hard

"@sideway/address@npm:^4.1.5":
  version: 4.1.5
  resolution: "@sideway/address@npm:4.1.5"
  dependencies:
    "@hapi/hoek": "npm:^9.0.0"
  checksum: 10c0/638eb6f7e7dba209053dd6c8da74d7cc995e2b791b97644d0303a7dd3119263bcb7225a4f6804d4db2bc4f96e5a9d262975a014f58eae4d1753c27cbc96ef959
  languageName: node
  linkType: hard

"@sideway/formula@npm:^3.0.1":
  version: 3.0.1
  resolution: "@sideway/formula@npm:3.0.1"
  checksum: 10c0/3fe81fa9662efc076bf41612b060eb9b02e846ea4bea5bd114f1662b7f1541e9dedcf98aff0d24400bcb92f113964a50e0290b86e284edbdf6346fa9b7e2bf2c
  languageName: node
  linkType: hard

"@sideway/pinpoint@npm:^2.0.0":
  version: 2.0.0
  resolution: "@sideway/pinpoint@npm:2.0.0"
  checksum: 10c0/d2ca75dacaf69b8fc0bb8916a204e01def3105ee44d8be16c355e5f58189eb94039e15ce831f3d544f229889ccfa35562a0ce2516179f3a7ee1bbe0b71e55b36
  languageName: node
  linkType: hard

"env-joi@workspace:.":
  version: 0.0.0-use.local
  resolution: "env-joi@workspace:."
  dependencies:
    joi: "npm:17.12.1"
  languageName: unknown
  linkType: soft

"joi@npm:17.12.1":
  version: 17.12.1
  resolution: "joi@npm:17.12.1"
  dependencies:
    "@hapi/hoek": "npm:^9.3.0"
    "@hapi/topo": "npm:^5.1.0"
    "@sideway/address": "npm:^4.1.5"
    "@sideway/formula": "npm:^3.0.1"
    "@sideway/pinpoint": "npm:^2.0.0"
  checksum: 10c0/552ec235a4fb068290f85c8248e0afc6a8fa91a33d7fd7552fa1f1d8682b5d2d0f0c29901b6843d7936f1e15e8bf0a537126ccb01fa72cf0eb626ff1a0a77a73
  languageName: node
  linkType: hard
